
Microsoft Visual Studio Solution File, Format Version 12.00
# Visual Studio Version 17
VisualStudioVersion = 17.7.34031.279
MinimumVisualStudioVersion = 10.0.40219.1
Project("{FAE04EC0-301F-11D3-BF4B-00C04F79EFBC}") = "Simple Calculator With User's operator", "Simple Calculator With User's operator.csproj", "{8C036D67-9A9E-4D89-A853-1DA6E999A57C}"
EndProject
Global
	GlobalSection(SolutionConfigurationPlatforms) = preSolution
		Debug|Any CPU = Debug|Any CPU
		Release|Any CPU = Release|Any CPU
	EndGlobalSection
	GlobalSection(ProjectConfigurationPlatforms) = postSolution
		{8C036D67-9A9E-4D89-A853-1DA6E999A57C}.Debug|Any CPU.ActiveCfg = Debug|Any CPU
		{8C036D67-9A9E-4D89-A853-1DA6E999A57C}.Debug|Any CPU.Build.0 = Debug|Any CPU
		{8C036D67-9A9E-4D89-A853-1DA6E999A57C}.Release|Any CPU.ActiveCfg = Release|Any CPU
		{8C036D67-9A9E-4D89-A853-1DA6E999A57C}.Release|Any CPU.Build.0 = Release|Any CPU
	EndGlobalSection
	GlobalSection(SolutionProperties) = preSolution
		HideSolutionNode = FALSE
	EndGlobalSection
	GlobalSection(ExtensibilityGlobals) = postSolution
		SolutionGuid = {4B6EB538-6534-469C-AC4B-FF1CAB512638}
	EndGlobalSection
EndGlobal
